
Microsoft Visual Studio Solution File, Format Version 12.00
# Visual Studio Version 17
VisualStudioVersion = 17.2.32616.157
MinimumVisualStudioVersion = 10.0.40219.1
Project("{9A19103F-16F7-4668-BE54-9A1E7A4F7556}") = "MainButtonViewer-beta1.0", "MainButtonViewer-beta1.0\MainButtonViewer-beta1.0.csproj", "{5ADA2BE1-600A-4B81-A33E-7BD9C8FF888A}"
EndProject
Project("{54435603-DBB4-11D2-8724-00A0C9A8B90C}") = "Setup", "Setup\Setup.vdproj", "{74075E74-16B3-4C21-8D7F-AA8C42D74C9C}"
EndProject
Global
	GlobalSection(SolutionConfigurationPlatforms) = preSolution
		Debug|Any CPU = Debug|Any CPU
		Release|Any CPU = Release|Any CPU
	EndGlobalSection
	GlobalSection(ProjectConfigurationPlatforms) = postSolution
		{5ADA2BE1-600A-4B81-A33E-7BD9C8FF888A}.Debug|Any CPU.ActiveCfg = Release|Any CPU
		{5ADA2BE1-600A-4B81-A33E-7BD9C8FF888A}.Debug|Any CPU.Build.0 = Release|Any CPU
		{5ADA2BE1-600A-4B81-A33E-7BD9C8FF888A}.Release|Any CPU.ActiveCfg = Release|Any CPU
		{5ADA2BE1-600A-4B81-A33E-7BD9C8FF888A}.Release|Any CPU.Build.0 = Release|Any CPU
		{74075E74-16B3-4C21-8D7F-AA8C42D74C9C}.Debug|Any CPU.ActiveCfg = Release
		{74075E74-16B3-4C21-8D7F-AA8C42D74C9C}.Release|Any CPU.ActiveCfg = Release
	EndGlobalSection
	GlobalSection(SolutionProperties) = preSolution
		HideSolutionNode = FALSE
	EndGlobalSection
	GlobalSection(ExtensibilityGlobals) = postSolution
		SolutionGuid = {5DD2BAD5-D667-4378-A097-28258A5E390F}
	EndGlobalSection
EndGlobal
